
Microsoft Visual Studio Solution File, Format Version 12.00
# Visual Studio 15
Project("{FAE04EC0-301F-11D3-BF4B-00C04F79EFBC}") = "SelectionStatements", "SelectionStatements\SelectionStatements.csproj", "{2A46C425-F446-4F9D-AAD9-54E5932D0AC4}"
EndProject
Global
	GlobalSection(SolutionConfigurationPlatforms) = preSolution
		Debug|Any CPU = Debug|Any CPU
		Release|Any CPU = Release|Any CPU
	EndGlobalSection
	GlobalSection(ProjectConfigurationPlatforms) = postSolution
		{2A46C425-F446-4F9D-AAD9-54E5932D0AC4}.Debug|Any CPU.ActiveCfg = Debug|Any CPU
		{2A46C425-F446-4F9D-AAD9-54E5932D0AC4}.Debug|Any CPU.Build.0 = Debug|Any CPU
		{2A46C425-F446-4F9D-AAD9-54E5932D0AC4}.Release|Any CPU.ActiveCfg = Release|Any CPU
		{2A46C425-F446-4F9D-AAD9-54E5932D0AC4}.Release|Any CPU.Build.0 = Release|Any CPU
	EndGlobalSection
EndGlobal
